python 3.13.15-slim-trixie sha256:881d80734ee05dca6f7f42dcb080975652a53c7eda9ba1f03bb8da31aa6a6ec2
uv 0.12.8 sha256:d1cbaeadc234fe19c0d93daabcf5e98738cd93c6d1dd4918ef6aa30735feb23a
node 24.20.0-bookworm-slim sha256:ba849c60be29959425b8734d57b8b4b7d56f98edd9504c9af091d5281095a71e
nginx-unprivileged 1.30.4-alpine sha256:45ce1e2e699234253d1def7baa96218a5d00b498d1ba0cbb1a17b6bdf73d1351
postgres 18.6-alpine sha256:d3e1620b530c944afa6e887d22eb899824da68e19c52024bf98f5220c88a65b2
caddy 2.11.4-alpine sha256:5f5c8640aae01df9654968d946d8f1a56c497f1dd5c5cda4cf95ab7c14d58648
